
Microsoft Visual Studio Solution File, Format Version 12.00
# Visual Studio 15
VisualStudioVersion = 15.0.28307.1525
MinimumVisualStudioVersion = 10.0.40219.1
Project("{888888A0-9F3D-457C-B088-3A5042F75D52}") = "HexCipher", "HexCipher\HexCipher.pyproj", "{9087F40C-C02E-490C-9F5B-7717ECABF046}"
EndProject
Global
	GlobalSection(SolutionConfigurationPlatforms) = preSolution
		Debug|Any CPU = Debug|Any CPU
		Release|Any CPU = Release|Any CPU
	EndGlobalSection
	GlobalSection(ProjectConfigurationPlatforms) = postSolution
		{9087F40C-C02E-490C-9F5B-7717ECABF046}.Debug|Any CPU.ActiveCfg = Debug|Any CPU
		{9087F40C-C02E-490C-9F5B-7717ECABF046}.Release|Any CPU.ActiveCfg = Release|Any CPU
	EndGlobalSection
	GlobalSection(SolutionProperties) = preSolution
		HideSolutionNode = FALSE
	EndGlobalSection
	GlobalSection(ExtensibilityGlobals) = postSolution
		SolutionGuid = {1AA66580-13DA-4675-BC7A-B6C587660E5A}
	EndGlobalSection
EndGlobal
